{
  "name": "04",
  "version": "1.0.0",
  "lockfileVersion": 3,
  "requires": true,
  "packages": {
    "": {
      "name": "04",
      "version": "1.0.0",
      "license": "ISC",
      "dependencies": {
        "ml-matrix-convolution": "^2.0.0"
      }
    },
    "node_modules/ml-fft": {
      "version": "1.3.5",
      "resolved": "https://registry.npmjs.org/ml-fft/-/ml-fft-1.3.5.tgz",
      "integrity": "sha512-laAATDyUuWPbIlX57thIds41wqFLsB+Zl7i1yrLRo/4CFg+hFaF9Xle8InblQseyiaVtt1KSlDG+6lgUMPOj3g=="
    },
    "node_modules/ml-matrix-convolution": {
      "version": "2.0.0",
      "resolved": "https://registry.npmjs.org/ml-matrix-convolution/-/ml-matrix-convolution-2.0.0.tgz",
      "integrity": "sha512-XuEZf4ZTffAz7oDMG4olkh9aZmsIMr343gPTY+ZvnLWTlMiG+TegRbP4fpA1ju7/IK9q8u3TcC2cxf/N3ydtRA==",
      "dependencies": {
        "ml-fft": "^1.3.5"
      }
    }
  }
}
