{
  "name": "09",
  "lockfileVersion": 3,
  "requires": true,
  "packages": {
    "": {
      "dependencies": {
        "polybooljs": "^1.2.2"
      }
    },
    "node_modules/polybooljs": {
      "version": "1.2.2",
      "resolved": "https://registry.npmjs.org/polybooljs/-/polybooljs-1.2.2.tgz",
      "integrity": "sha512-ziHW/02J0XuNuUtmidBc6GXE8YohYydp3DWPWXYsd7O721TjcmN+k6ezjdwkDqep+gnWnFY+yqZHvzElra2oCg=="
    }
  }
}
